// !$*UTF8*$!
{
	archiveVersion = 1;
	classes = {
	};
	objectVersion = 46;
	objects = {

/* Begin PBXBuildFile section */
		DB2C3F701463398A0055493F /* UITouch+OpenGL.h in Headers */ = {isa = PBXBuildFile; fileRef = DB2C3F6E1463398A0055493F /* UITouch+OpenGL.h */; settings = {ATTRIBUTES = (Public, ); }; };
		DB2C3F711463398A0055493F /* UITouch+OpenGL.m in Sources */ = {isa = PBXBuildFile; fileRef = DB2C3F6F1463398A0055493F /* UITouch+OpenGL.m */; };
		DB3E23CC175868EA00124E7F /* UIKit.framework in Frameworks */ = {isa = PBXBuildFile; fileRef = DB785BFE141B0B44005477A8 /* UIKit.framework */; };
		DB3E23CE175868F100124E7F /* CoreGraphics.framework in Frameworks */ = {isa = PBXBuildFile; fileRef = DB3E23CD175868F100124E7F /* CoreGraphics.framework */; };
		DB41D9FB15E442C2001F3DD8 /* UIView+Nib.h in Headers */ = {isa = PBXBuildFile; fileRef = DB41D9F915E442C2001F3DD8 /* UIView+Nib.h */; settings = {ATTRIBUTES = (Public, ); }; };
		DB41D9FC15E442C2001F3DD8 /* UIView+Nib.m in Sources */ = {isa = PBXBuildFile; fileRef = DB41D9FA15E442C2001F3DD8 /* UIView+Nib.m */; };
		DB599861159FBDD300AB65C9 /* UIImage+Resize.h in Headers */ = {isa = PBXBuildFile; fileRef = DB59985F159FBDD200AB65C9 /* UIImage+Resize.h */; settings = {ATTRIBUTES = (Public, ); }; };
		DB599862159FBDD300AB65C9 /* UIImage+Resize.m in Sources */ = {isa = PBXBuildFile; fileRef = DB599860159FBDD200AB65C9 /* UIImage+Resize.m */; };
		DB599866159FBE8A00AB65C9 /* UIImage+RoundedCorner.h in Headers */ = {isa = PBXBuildFile; fileRef = DB599864159FBE8A00AB65C9 /* UIImage+RoundedCorner.h */; settings = {ATTRIBUTES = (Public, ); }; };
		DB599867159FBE8A00AB65C9 /* UIImage+RoundedCorner.m in Sources */ = {isa = PBXBuildFile; fileRef = DB599865159FBE8A00AB65C9 /* UIImage+RoundedCorner.m */; };
		DB59986A159FBEB800AB65C9 /* UIImage+Alpha.h in Headers */ = {isa = PBXBuildFile; fileRef = DB599868159FBEB800AB65C9 /* UIImage+Alpha.h */; settings = {ATTRIBUTES = (Public, ); }; };
		DB59986B159FBEB800AB65C9 /* UIImage+Alpha.m in Sources */ = {isa = PBXBuildFile; fileRef = DB599869159FBEB800AB65C9 /* UIImage+Alpha.m */; };
		DB5F9E2A147595DC00F0DCD3 /* CKCommonMacros.h in Headers */ = {isa = PBXBuildFile; fileRef = DB5F9E29147595DC00F0DCD3 /* CKCommonMacros.h */; settings = {ATTRIBUTES = (Public, ); }; };
		DB72CFF71459FD2900231360 /* CatKitUI.h in Headers */ = {isa = PBXBuildFile; fileRef = DB72CFF61459FD2900231360 /* CatKitUI.h */; settings = {ATTRIBUTES = (Public, ); }; };
		DB73EB17141B4960000D904E /* UIViewInsertTests.m in Sources */ = {isa = PBXBuildFile; fileRef = DB73EB16141B4960000D904E /* UIViewInsertTests.m */; };
		DB785B9B141AFF8A005477A8 /* Foundation.framework in Frameworks */ = {isa = PBXBuildFile; fileRef = DB785B9A141AFF8A005477A8 /* Foundation.framework */; };
		DB785BA9141AFF8A005477A8 /* SenTestingKit.framework in Frameworks */ = {isa = PBXBuildFile; fileRef = DB785BA8141AFF8A005477A8 /* SenTestingKit.framework */; };
		DB785BAB141AFF8A005477A8 /* UIKit.framework in Frameworks */ = {isa = PBXBuildFile; fileRef = DB785BAA141AFF8A005477A8 /* UIKit.framework */; };
		DB785BAC141AFF8A005477A8 /* Foundation.framework in Frameworks */ = {isa = PBXBuildFile; fileRef = DB785B9A141AFF8A005477A8 /* Foundation.framework */; };
		DB785BAE141AFF8A005477A8 /* CoreGraphics.framework in Frameworks */ = {isa = PBXBuildFile; fileRef = DB785BAD141AFF8A005477A8 /* CoreGraphics.framework */; };
		DB785BB1141AFF8A005477A8 /* libCatKit.a in Frameworks */ = {isa = PBXBuildFile; fileRef = DB785B97141AFF8A005477A8 /* libCatKit.a */; };
		DB785BB7141AFF8A005477A8 /* InfoPlist.strings in Resources */ = {isa = PBXBuildFile; fileRef = DB785BB5141AFF8A005477A8 /* InfoPlist.strings */; };
		DB785BB9141AFF8A005477A8 /* CatKitTests.h in Resources */ = {isa = PBXBuildFile; fileRef = DB785BB8141AFF8A005477A8 /* CatKitTests.h */; };
		DB785BBB141AFF8A005477A8 /* CatKitTests.m in Sources */ = {isa = PBXBuildFile; fileRef = DB785BBA141AFF8A005477A8 /* CatKitTests.m */; };
		DB785BD7141B0900005477A8 /* Foundation.framework in Frameworks */ = {isa = PBXBuildFile; fileRef = DB785B9A141AFF8A005477A8 /* Foundation.framework */; };
		DB785BE4141B0900005477A8 /* SenTestingKit.framework in Frameworks */ = {isa = PBXBuildFile; fileRef = DB785BA8141AFF8A005477A8 /* SenTestingKit.framework */; };
		DB785BE6141B0900005477A8 /* Foundation.framework in Frameworks */ = {isa = PBXBuildFile; fileRef = DB785B9A141AFF8A005477A8 /* Foundation.framework */; };
		DB785BEA141B0900005477A8 /* libCatKitUI.a in Frameworks */ = {isa = PBXBuildFile; fileRef = DB785BD6141B0900005477A8 /* libCatKitUI.a */; };
		DB785BF0141B0900005477A8 /* InfoPlist.strings in Resources */ = {isa = PBXBuildFile; fileRef = DB785BEE141B0900005477A8 /* InfoPlist.strings */; };
		DB785BFC141B0ADD005477A8 /* UIView+Position.h in Headers */ = {isa = PBXBuildFile; fileRef = DB785BCE141B0576005477A8 /* UIView+Position.h */; settings = {ATTRIBUTES = (Public, ); }; };
		DB785BFD141B0AE2005477A8 /* UIView+Position.m in Sources */ = {isa = PBXBuildFile; fileRef = DB785BCF141B0576005477A8 /* UIView+Position.m */; };
		DB785C00141B0B56005477A8 /* UIKit.framework in Frameworks */ = {isa = PBXBuildFile; fileRef = DB785BFE141B0B44005477A8 /* UIKit.framework */; };
		DB785C03141B0E95005477A8 /* UIView+Insert.h in Headers */ = {isa = PBXBuildFile; fileRef = DB785C01141B0E95005477A8 /* UIView+Insert.h */; settings = {ATTRIBUTES = (Public, ); }; };
		DB785C04141B0E95005477A8 /* UIView+Insert.m in Sources */ = {isa = PBXBuildFile; fileRef = DB785C02141B0E95005477A8 /* UIView+Insert.m */; };
		DB785C08141B13EE005477A8 /* UIViewPositionTests.m in Sources */ = {isa = PBXBuildFile; fileRef = DB785C07141B13EE005477A8 /* UIViewPositionTests.m */; };
		DB82F3D31641E2B500FDA5BE /* UILabel+Align.h in Headers */ = {isa = PBXBuildFile; fileRef = DB82F3D11641E2B500FDA5BE /* UILabel+Align.h */; settings = {ATTRIBUTES = (Public, ); }; };
		DB82F3D41641E2B500FDA5BE /* UILabel+Align.m in Sources */ = {isa = PBXBuildFile; fileRef = DB82F3D21641E2B500FDA5BE /* UILabel+Align.m */; };
		DB83D101144F9B2400D94890 /* NSString+CatKit.h in Headers */ = {isa = PBXBuildFile; fileRef = DB83D0FF144F9B2400D94890 /* NSString+CatKit.h */; settings = {ATTRIBUTES = (Public, ); }; };
		DB83D102144F9B2400D94890 /* NSString+CatKit.m in Sources */ = {isa = PBXBuildFile; fileRef = DB83D100144F9B2400D94890 /* NSString+CatKit.m */; };
		DBAAA63A15116125004C1532 /* NSFileManager+CatKit.h in Headers */ = {isa = PBXBuildFile; fileRef = DBAAA63815116125004C1532 /* NSFileManager+CatKit.h */; settings = {ATTRIBUTES = (Public, ); }; };
		DBAAA63B15116125004C1532 /* NSFileManager+CatKit.m in Sources */ = {isa = PBXBuildFile; fileRef = DBAAA63915116125004C1532 /* NSFileManager+CatKit.m */; };
		DBB112D8159FD3D5002218F9 /* UIImage+Orientation.h in Headers */ = {isa = PBXBuildFile; fileRef = DBB112D6159FD3D4002218F9 /* UIImage+Orientation.h */; settings = {ATTRIBUTES = (Public, ); }; };
		DBB112D9159FD3D5002218F9 /* UIImage+Orientation.m in Sources */ = {isa = PBXBuildFile; fileRef = DBB112D7159FD3D4002218F9 /* UIImage+Orientation.m */; };
		DBB6B4ED14BE4B0F0043F5D1 /* UILabel+Size.h in Headers */ = {isa = PBXBuildFile; fileRef = DBB6B4EB14BE4B0F0043F5D1 /* UILabel+Size.h */; settings = {ATTRIBUTES = (Public, ); }; };
		DBB6B4EE14BE4B0F0043F5D1 /* UILabel+Size.m in Sources */ = {isa = PBXBuildFile; fileRef = DBB6B4EC14BE4B0F0043F5D1 /* UILabel+Size.m */; };
		DBB6B4F214BE4CA30043F5D1 /* UILabelSizeTests.m in Sources */ = {isa = PBXBuildFile; fileRef = DBB6B4F114BE4CA30043F5D1 /* UILabelSizeTests.m */; };
		DBD3B5BF152E371100CED2E3 /* UIImage+Crop.h in Headers */ = {isa = PBXBuildFile; fileRef = DBD3B5BD152E371100CED2E3 /* UIImage+Crop.h */; settings = {ATTRIBUTES = (Public, ); }; };
		DBD3B5C0152E371100CED2E3 /* UIImage+Crop.m in Sources */ = {isa = PBXBuildFile; fileRef = DBD3B5BE152E371100CED2E3 /* UIImage+Crop.m */; };
		DBD4FFA717AC6A1A009B00AC /* NSArray+CatKit.h in Headers */ = {isa = PBXBuildFile; fileRef = DBD4FFA517AC6A1A009B00AC /* NSArray+CatKit.h */; };
		DBD4FFA817AC6A1A009B00AC /* NSArray+CatKit.m in Sources */ = {isa = PBXBuildFile; fileRef = DBD4FFA617AC6A1A009B00AC /* NSArray+CatKit.m */; };
		DBD4FFA917AC6C46009B00AC /* CoreGraphics.framework in Frameworks */ = {isa = PBXBuildFile; fileRef = DB3E23CD175868F100124E7F /* CoreGraphics.framework */; };
/* End PBXBuildFile section */

/* Begin PBXContainerItemProxy section */
		DB785BAF141AFF8A005477A8 /* PBXContainerItemProxy */ = {
			isa = PBXContainerItemProxy;
			containerPortal = DB785B8E141AFF89005477A8 /* Project object */;
			proxyType = 1;
			remoteGlobalIDString = DB785B96141AFF8A005477A8;
			remoteInfo = CatKit;
		};
		DB785BE8141B0900005477A8 /* PBXContainerItemProxy */ = {
			isa = PBXContainerItemProxy;
			containerPortal = DB785B8E141AFF89005477A8 /* Project object */;
			proxyType = 1;
			remoteGlobalIDString = DB785BD5141B0900005477A8;
			remoteInfo = CatKitUI;
		};
/* End PBXContainerItemProxy section */

/* Begin PBXFileReference section */
		DB0DE47215B8A99E007F382F /* NSManagedObject+CatKit.h */ = {isa = PBXFileReference; fileEncoding = 4; lastKnownFileType = sourcecode.c.h; path = "NSManagedObject+CatKit.h"; sourceTree = "<group>"; };
		DB0DE47315B8A99E007F382F /* NSManagedObject+CatKit.m */ = {isa = PBXFileReference; fileEncoding = 4; lastKnownFileType = sourcecode.c.objc; path = "NSManagedObject+CatKit.m"; sourceTree = "<group>"; };
		DB0DE47A15B8AE57007F382F /* NSData+Base64.h */ = {isa = PBXFileReference; fileEncoding = 4; lastKnownFileType = sourcecode.c.h; path = "NSData+Base64.h"; sourceTree = "<group>"; };
		DB0DE47B15B8AE57007F382F /* NSData+Base64.m */ = {isa = PBXFileReference; fileEncoding = 4; lastKnownFileType = sourcecode.c.objc; path = "NSData+Base64.m"; sourceTree = "<group>"; };
		DB2C3F6E1463398A0055493F /* UITouch+OpenGL.h */ = {isa = PBXFileReference; fileEncoding = 4; lastKnownFileType = sourcecode.c.h; name = "UITouch+OpenGL.h"; path = "CatKitUI/UITouch+OpenGL.h"; sourceTree = SOURCE_ROOT; };
		DB2C3F6F1463398A0055493F /* UITouch+OpenGL.m */ = {isa = PBXFileReference; fileEncoding = 4; lastKnownFileType = sourcecode.c.objc; name = "UITouch+OpenGL.m"; path = "CatKitUI/UITouch+OpenGL.m"; sourceTree = SOURCE_ROOT; };
		DB3E23CD175868F100124E7F /* CoreGraphics.framework */ = {isa = PBXFileReference; lastKnownFileType = wrapper.framework; name = CoreGraphics.framework; path = System/Library/Frameworks/CoreGraphics.framework; sourceTree = SDKROOT; };
		DB41D9F915E442C2001F3DD8 /* UIView+Nib.h */ = {isa = PBXFileReference; fileEncoding = 4; lastKnownFileType = sourcecode.c.h; name = "UIView+Nib.h"; path = "CatKitUI/UIView+Nib.h"; sourceTree = SOURCE_ROOT; };
		DB41D9FA15E442C2001F3DD8 /* UIView+Nib.m */ = {isa = PBXFileReference; fileEncoding = 4; lastKnownFileType = sourcecode.c.objc; name = "UIView+Nib.m"; path = "CatKitUI/UIView+Nib.m"; sourceTree = SOURCE_ROOT; };
		DB59985F159FBDD200AB65C9 /* UIImage+Resize.h */ = {isa = PBXFileReference; fileEncoding = 4; lastKnownFileType = sourcecode.c.h; name = "UIImage+Resize.h"; path = "../CatKitUI/UIImage+Resize.h"; sourceTree = "<group>"; };
		DB599860159FBDD200AB65C9 /* UIImage+Resize.m */ = {isa = PBXFileReference; fileEncoding = 4; lastKnownFileType = sourcecode.c.objc; name = "UIImage+Resize.m"; path = "../CatKitUI/UIImage+Resize.m"; sourceTree = "<group>"; };
		DB599864159FBE8A00AB65C9 /* UIImage+RoundedCorner.h */ = {isa = PBXFileReference; fileEncoding = 4; lastKnownFileType = sourcecode.c.h; name = "UIImage+RoundedCorner.h"; path = "../CatKitUI/UIImage+RoundedCorner.h"; sourceTree = "<group>"; };
		DB599865159FBE8A00AB65C9 /* UIImage+RoundedCorner.m */ = {isa = PBXFileReference; fileEncoding = 4; lastKnownFileType = sourcecode.c.objc; name = "UIImage+RoundedCorner.m"; path = "../CatKitUI/UIImage+RoundedCorner.m"; sourceTree = "<group>"; };
		DB599868159FBEB800AB65C9 /* UIImage+Alpha.h */ = {isa = PBXFileReference; fileEncoding = 4; lastKnownFileType = sourcecode.c.h; name = "UIImage+Alpha.h"; path = "../CatKitUI/UIImage+Alpha.h"; sourceTree = "<group>"; };
		DB599869159FBEB800AB65C9 /* UIImage+Alpha.m */ = {isa = PBXFileReference; fileEncoding = 4; lastKnownFileType = sourcecode.c.objc; name = "UIImage+Alpha.m"; path = "../CatKitUI/UIImage+Alpha.m"; sourceTree = "<group>"; };
		DB5F9E29147595DC00F0DCD3 /* CKCommonMacros.h */ = {isa = PBXFileReference; fileEncoding = 4; lastKnownFileType = sourcecode.c.h; path = CKCommonMacros.h; sourceTree = "<group>"; };
		DB72CFF61459FD2900231360 /* CatKitUI.h */ = {isa = PBXFileReference; fileEncoding = 4; lastKnownFileType = sourcecode.c.h; path = CatKitUI.h; sourceTree = "<group>"; };
		DB73EB15141B4960000D904E /* UIViewInsertTests.h */ = {isa = PBXFileReference; fileEncoding = 4; lastKnownFileType = sourcecode.c.h; path = UIViewInsertTests.h; sourceTree = "<group>"; };
		DB73EB16141B4960000D904E /* UIViewInsertTests.m */ = {isa = PBXFileReference; fileEncoding = 4; lastKnownFileType = sourcecode.c.objc; path = UIViewInsertTests.m; sourceTree = "<group>"; };
		DB785B97141AFF8A005477A8 /* libCatKit.a */ = {isa = PBXFileReference; explicitFileType = archive.ar; includeInIndex = 0; path = libCatKit.a; sourceTree = BUILT_PRODUCTS_DIR; };
		DB785B9A141AFF8A005477A8 /* Foundation.framework */ = {isa = PBXFileReference; lastKnownFileType = wrapper.framework; name = Foundation.framework; path = System/Library/Frameworks/Foundation.framework; sourceTree = SDKROOT; };
		DB785B9E141AFF8A005477A8 /* CatKit-Prefix.pch */ = {isa = PBXFileReference; lastKnownFileType = sourcecode.c.h; path = "CatKit-Prefix.pch"; sourceTree = "<group>"; };
		DB785BA7141AFF8A005477A8 /* CatKitTests.octest */ = {isa = PBXFileReference; explicitFileType = wrapper.cfbundle; includeInIndex = 0; path = CatKitTests.octest; sourceTree = BUILT_PRODUCTS_DIR; };
		DB785BA8141AFF8A005477A8 /* SenTestingKit.framework */ = {isa = PBXFileReference; lastKnownFileType = wrapper.framework; name = SenTestingKit.framework; path = Library/Frameworks/SenTestingKit.framework; sourceTree = DEVELOPER_DIR; };
		DB785BAA141AFF8A005477A8 /* UIKit.framework */ = {isa = PBXFileReference; lastKnownFileType = wrapper.framework; name = UIKit.framework; path = Library/Frameworks/UIKit.framework; sourceTree = DEVELOPER_DIR; };
		DB785BAD141AFF8A005477A8 /* CoreGraphics.framework */ = {isa = PBXFileReference; lastKnownFileType = wrapper.framework; name = CoreGraphics.framework; path = Library/Frameworks/CoreGraphics.framework; sourceTree = DEVELOPER_DIR; };
		DB785BB4141AFF8A005477A8 /* CatKitTests-Info.plist */ = {isa = PBXFileReference; lastKnownFileType = text.plist.xml; path = "CatKitTests-Info.plist"; sourceTree = "<group>"; };
		DB785BB6141AFF8A005477A8 /* en */ = {isa = PBXFileReference; lastKnownFileType = text.plist.strings; name = en; path = en.lproj/InfoPlist.strings; sourceTree = "<group>"; };
		DB785BB8141AFF8A005477A8 /* CatKitTests.h */ = {isa = PBXFileReference; lastKnownFileType = sourcecode.c.h; path = CatKitTests.h; sourceTree = "<group>"; };
		DB785BBA141AFF8A005477A8 /* CatKitTests.m */ = {isa = PBXFileReference; lastKnownFileType = sourcecode.c.objc; path = CatKitTests.m; sourceTree = "<group>"; };
		DB785BCE141B0576005477A8 /* UIView+Position.h */ = {isa = PBXFileReference; fileEncoding = 4; lastKnownFileType = sourcecode.c.h; name = "UIView+Position.h"; path = "../CatKitUI/UIView+Position.h"; sourceTree = "<group>"; };
		DB785BCF141B0576005477A8 /* UIView+Position.m */ = {isa = PBXFileReference; fileEncoding = 4; lastKnownFileType = sourcecode.c.objc; name = "UIView+Position.m"; path = "../CatKitUI/UIView+Position.m"; sourceTree = "<group>"; };
		DB785BD6141B0900005477A8 /* libCatKitUI.a */ = {isa = PBXFileReference; explicitFileType = archive.ar; includeInIndex = 0; path = libCatKitUI.a; sourceTree = BUILT_PRODUCTS_DIR; };
		DB785BDA141B0900005477A8 /* CatKitUI-Prefix.pch */ = {isa = PBXFileReference; lastKnownFileType = sourcecode.c.h; path = "CatKitUI-Prefix.pch"; sourceTree = "<group>"; };
		DB785BE3141B0900005477A8 /* CatKitUITests.octest */ = {isa = PBXFileReference; explicitFileType = wrapper.cfbundle; includeInIndex = 0; path = CatKitUITests.octest; sourceTree = BUILT_PRODUCTS_DIR; };
		DB785BED141B0900005477A8 /* CatKitUITests-Info.plist */ = {isa = PBXFileReference; lastKnownFileType = text.plist.xml; path = "CatKitUITests-Info.plist"; sourceTree = "<group>"; };
		DB785BEF141B0900005477A8 /* en */ = {isa = PBXFileReference; lastKnownFileType = text.plist.strings; name = en; path = en.lproj/InfoPlist.strings; sourceTree = "<group>"; };
		DB785BFE141B0B44005477A8 /* UIKit.framework */ = {isa = PBXFileReference; lastKnownFileType = wrapper.framework; name = UIKit.framework; path = System/Library/Frameworks/UIKit.framework; sourceTree = SDKROOT; };
		DB785C01141B0E95005477A8 /* UIView+Insert.h */ = {isa = PBXFileReference; fileEncoding = 4; lastKnownFileType = sourcecode.c.h; name = "UIView+Insert.h"; path = "../CatKitUI/UIView+Insert.h"; sourceTree = "<group>"; };
		DB785C02141B0E95005477A8 /* UIView+Insert.m */ = {isa = PBXFileReference; fileEncoding = 4; lastKnownFileType = sourcecode.c.objc; name = "UIView+Insert.m"; path = "../CatKitUI/UIView+Insert.m"; sourceTree = "<group>"; };
		DB785C06141B13EE005477A8 /* UIViewPositionTests.h */ = {isa = PBXFileReference; fileEncoding = 4; lastKnownFileType = sourcecode.c.h; path = UIViewPositionTests.h; sourceTree = "<group>"; };
		DB785C07141B13EE005477A8 /* UIViewPositionTests.m */ = {isa = PBXFileReference; fileEncoding = 4; lastKnownFileType = sourcecode.c.objc; path = UIViewPositionTests.m; sourceTree = "<group>"; };
		DB82F3D11641E2B500FDA5BE /* UILabel+Align.h */ = {isa = PBXFileReference; fileEncoding = 4; lastKnownFileType = sourcecode.c.h; name = "UILabel+Align.h"; path = "../CatKitUI/UILabel+Align.h"; sourceTree = "<group>"; };
		DB82F3D21641E2B500FDA5BE /* UILabel+Align.m */ = {isa = PBXFileReference; fileEncoding = 4; lastKnownFileType = sourcecode.c.objc; name = "UILabel+Align.m"; path = "../CatKitUI/UILabel+Align.m"; sourceTree = "<group>"; };
		DB83D0FF144F9B2400D94890 /* NSString+CatKit.h */ = {isa = PBXFileReference; fileEncoding = 4; lastKnownFileType = sourcecode.c.h; path = "NSString+CatKit.h"; sourceTree = "<group>"; };
		DB83D100144F9B2400D94890 /* NSString+CatKit.m */ = {isa = PBXFileReference; fileEncoding = 4; lastKnownFileType = sourcecode.c.objc; path = "NSString+CatKit.m"; sourceTree = "<group>"; };
		DBAAA63815116125004C1532 /* NSFileManager+CatKit.h */ = {isa = PBXFileReference; fileEncoding = 4; lastKnownFileType = sourcecode.c.h; path = "NSFileManager+CatKit.h"; sourceTree = "<group>"; };
		DBAAA63915116125004C1532 /* NSFileManager+CatKit.m */ = {isa = PBXFileReference; fileEncoding = 4; lastKnownFileType = sourcecode.c.objc; path = "NSFileManager+CatKit.m"; sourceTree = "<group>"; };
		DBB112D6159FD3D4002218F9 /* UIImage+Orientation.h */ = {isa = PBXFileReference; fileEncoding = 4; lastKnownFileType = sourcecode.c.h; name = "UIImage+Orientation.h"; path = "../CatKitUI/UIImage+Orientation.h"; sourceTree = "<group>"; };
		DBB112D7159FD3D4002218F9 /* UIImage+Orientation.m */ = {isa = PBXFileReference; fileEncoding = 4; lastKnownFileType = sourcecode.c.objc; name = "UIImage+Orientation.m"; path = "../CatKitUI/UIImage+Orientation.m"; sourceTree = "<group>"; };
		DBB6B4EB14BE4B0F0043F5D1 /* UILabel+Size.h */ = {isa = PBXFileReference; fileEncoding = 4; lastKnownFileType = sourcecode.c.h; name = "UILabel+Size.h"; path = "CatKitUI/UILabel+Size.h"; sourceTree = SOURCE_ROOT; };
		DBB6B4EC14BE4B0F0043F5D1 /* UILabel+Size.m */ = {isa = PBXFileReference; fileEncoding = 4; lastKnownFileType = sourcecode.c.objc; name = "UILabel+Size.m"; path = "CatKitUI/UILabel+Size.m"; sourceTree = SOURCE_ROOT; };
		DBB6B4F014BE4CA30043F5D1 /* UILabelSizeTests.h */ = {isa = PBXFileReference; fileEncoding = 4; lastKnownFileType = sourcecode.c.h; path = UILabelSizeTests.h; sourceTree = "<group>"; };
		DBB6B4F114BE4CA30043F5D1 /* UILabelSizeTests.m */ = {isa = PBXFileReference; fileEncoding = 4; lastKnownFileType = sourcecode.c.objc; path = UILabelSizeTests.m; sourceTree = "<group>"; };
		DBD3B5BD152E371100CED2E3 /* UIImage+Crop.h */ = {isa = PBXFileReference; fileEncoding = 4; lastKnownFileType = sourcecode.c.h; name = "UIImage+Crop.h"; path = "../CatKitUI/UIImage+Crop.h"; sourceTree = "<group>"; };
		DBD3B5BE152E371100CED2E3 /* UIImage+Crop.m */ = {isa = PBXFileReference; fileEncoding = 4; lastKnownFileType = sourcecode.c.objc; name = "UIImage+Crop.m"; path = "../CatKitUI/UIImage+Crop.m"; sourceTree = "<group>"; };
		DBD4FFA517AC6A1A009B00AC /* NSArray+CatKit.h */ = {isa = PBXFileReference; fileEncoding = 4; lastKnownFileType = sourcecode.c.h; path = "NSArray+CatKit.h"; sourceTree = "<group>"; };
		DBD4FFA617AC6A1A009B00AC /* NSArray+CatKit.m */ = {isa = PBXFileReference; fileEncoding = 4; lastKnownFileType = sourcecode.c.objc; path = "NSArray+CatKit.m"; sourceTree = "<group>"; };
/* End PBXFileReference section */

/* Begin PBXFrameworksBuildPhase section */
		DB785B94141AFF8A005477A8 /* Frameworks */ = {
			isa = PBXFrameworksBuildPhase;
			buildActionMask = 2147483647;
			files = (
				DB785B9B141AFF8A005477A8 /* Foundation.framework in Frameworks */,
			);
			runOnlyForDeploymentPostprocessing = 0;
		};
		DB785BA3141AFF8A005477A8 /* Frameworks */ = {
			isa = PBXFrameworksBuildPhase;
			buildActionMask = 2147483647;
			files = (
				DB785BA9141AFF8A005477A8 /* SenTestingKit.framework in Frameworks */,
				DB785BAB141AFF8A005477A8 /* UIKit.framework in Frameworks */,
				DB785BAC141AFF8A005477A8 /* Foundation.framework in Frameworks */,
				DB785BAE141AFF8A005477A8 /* CoreGraphics.framework in Frameworks */,
				DB785BB1141AFF8A005477A8 /* libCatKit.a in Frameworks */,
			);
			runOnlyForDeploymentPostprocessing = 0;
		};
		DB785BD3141B0900005477A8 /* Frameworks */ = {
			isa = PBXFrameworksBuildPhase;
			buildActionMask = 2147483647;
			files = (
				DBD4FFA917AC6C46009B00AC /* CoreGraphics.framework in Frameworks */,
				DB785BD7141B0900005477A8 /* Foundation.framework in Frameworks */,
				DB785C00141B0B56005477A8 /* UIKit.framework in Frameworks */,
			);
			runOnlyForDeploymentPostprocessing = 0;
		};
		DB785BDF141B0900005477A8 /* Frameworks */ = {
			isa = PBXFrameworksBuildPhase;
			buildActionMask = 2147483647;
			files = (
				DB3E23CE175868F100124E7F /* CoreGraphics.framework in Frameworks */,
				DB3E23CC175868EA00124E7F /* UIKit.framework in Frameworks */,
				DB785BE4141B0900005477A8 /* SenTestingKit.framework in Frameworks */,
				DB785BE6141B0900005477A8 /* Foundation.framework in Frameworks */,
				DB785BEA141B0900005477A8 /* libCatKitUI.a in Frameworks */,
			);
			runOnlyForDeploymentPostprocessing = 0;
		};
/* End PBXFrameworksBuildPhase section */

/* Begin PBXGroup section */
		DB2C3F6C146339530055493F /* UITouch */ = {
			isa = PBXGroup;
			children = (
				DB2C3F6E1463398A0055493F /* UITouch+OpenGL.h */,
				DB2C3F6F1463398A0055493F /* UITouch+OpenGL.m */,
			);
			name = UITouch;
			sourceTree = "<group>";
		};
		DB5F9E27147595B000F0DCD3 /* Macros */ = {
			isa = PBXGroup;
			children = (
				DB5F9E29147595DC00F0DCD3 /* CKCommonMacros.h */,
			);
			name = Macros;
			sourceTree = "<group>";
		};
		DB73EB14141B48E8000D904E /* UIKit */ = {
			isa = PBXGroup;
			children = (
				DBB6B4EF14BE4C790043F5D1 /* UILabel */,
				DB785C05141B13BA005477A8 /* UIView */,
			);
			name = UIKit;
			sourceTree = "<group>";
		};
		DB785B8C141AFF89005477A8 = {
			isa = PBXGroup;
			children = (
				DB785B9C141AFF8A005477A8 /* CatKit */,
				DB785BD8141B0900005477A8 /* CatKitUI */,
				DB785B99141AFF8A005477A8 /* Frameworks */,
				DB785B98141AFF8A005477A8 /* Products */,
			);
			sourceTree = "<group>";
		};
		DB785B98141AFF8A005477A8 /* Products */ = {
			isa = PBXGroup;
			children = (
				DB785B97141AFF8A005477A8 /* libCatKit.a */,
				DB785BA7141AFF8A005477A8 /* CatKitTests.octest */,
				DB785BD6141B0900005477A8 /* libCatKitUI.a */,
				DB785BE3141B0900005477A8 /* CatKitUITests.octest */,
			);
			name = Products;
			sourceTree = "<group>";
		};
		DB785B99141AFF8A005477A8 /* Frameworks */ = {
			isa = PBXGroup;
			children = (
				DB3E23CD175868F100124E7F /* CoreGraphics.framework */,
				DB785BFE141B0B44005477A8 /* UIKit.framework */,
				DB785B9A141AFF8A005477A8 /* Foundation.framework */,
				DB785BA8141AFF8A005477A8 /* SenTestingKit.framework */,
				DB785BAA141AFF8A005477A8 /* UIKit.framework */,
				DB785BAD141AFF8A005477A8 /* CoreGraphics.framework */,
			);
			name = Frameworks;
			sourceTree = "<group>";
		};
		DB785B9C141AFF8A005477A8 /* CatKit */ = {
			isa = PBXGroup;
			children = (
				DB5F9E27147595B000F0DCD3 /* Macros */,
				DB83D0FD144F9AF100D94890 /* Foundation */,
				DB785BB2141AFF8A005477A8 /* Tests */,
				DB785B9D141AFF8A005477A8 /* Supporting Files */,
			);
			path = CatKit;
			sourceTree = "<group>";
		};
		DB785B9D141AFF8A005477A8 /* Supporting Files */ = {
			isa = PBXGroup;
			children = (
				DB785B9E141AFF8A005477A8 /* CatKit-Prefix.pch */,
			);
			name = "Supporting Files";
			sourceTree = "<group>";
		};
		DB785BB2141AFF8A005477A8 /* Tests */ = {
			isa = PBXGroup;
			children = (
				DB785BB8141AFF8A005477A8 /* CatKitTests.h */,
				DB785BBA141AFF8A005477A8 /* CatKitTests.m */,
				DB785BB3141AFF8A005477A8 /* Supporting Files */,
			);
			name = Tests;
			path = CatKitTests;
			sourceTree = SOURCE_ROOT;
		};
		DB785BB3141AFF8A005477A8 /* Supporting Files */ = {
			isa = PBXGroup;
			children = (
				DB785BB4141AFF8A005477A8 /* CatKitTests-Info.plist */,
				DB785BB5141AFF8A005477A8 /* InfoPlist.strings */,
			);
			name = "Supporting Files";
			sourceTree = "<group>";
		};
		DB785BC4141B04E2005477A8 /* UIKit */ = {
			isa = PBXGroup;
			children = (
				DBD3B5BB152E36F000CED2E3 /* UIImage */,
				DBB6B4E914BE4AE40043F5D1 /* UILabel */,
				DB2C3F6C146339530055493F /* UITouch */,
				DB785BC5141B04ED005477A8 /* UIView */,
			);
			name = UIKit;
			path = ../CatKit;
			sourceTree = "<group>";
		};
		DB785BC5141B04ED005477A8 /* UIView */ = {
			isa = PBXGroup;
			children = (
				DB785BCE141B0576005477A8 /* UIView+Position.h */,
				DB785BCF141B0576005477A8 /* UIView+Position.m */,
				DB785C01141B0E95005477A8 /* UIView+Insert.h */,
				DB785C02141B0E95005477A8 /* UIView+Insert.m */,
				DB41D9F915E442C2001F3DD8 /* UIView+Nib.h */,
				DB41D9FA15E442C2001F3DD8 /* UIView+Nib.m */,
			);
			name = UIView;
			sourceTree = "<group>";
		};
		DB785BD8141B0900005477A8 /* CatKitUI */ = {
			isa = PBXGroup;
			children = (
				DB72CFF61459FD2900231360 /* CatKitUI.h */,
				DB785BC4141B04E2005477A8 /* UIKit */,
				DB785BEB141B0900005477A8 /* Tests */,
				DB785BD9141B0900005477A8 /* Supporting Files */,
			);
			path = CatKitUI;
			sourceTree = "<group>";
		};
		DB785BD9141B0900005477A8 /* Supporting Files */ = {
			isa = PBXGroup;
			children = (
				DB785BDA141B0900005477A8 /* CatKitUI-Prefix.pch */,
			);
			name = "Supporting Files";
			sourceTree = "<group>";
		};
		DB785BEB141B0900005477A8 /* Tests */ = {
			isa = PBXGroup;
			children = (
				DB73EB14141B48E8000D904E /* UIKit */,
				DB785BEC141B0900005477A8 /* Supporting Files */,
			);
			name = Tests;
			path = CatKitUITests;
			sourceTree = SOURCE_ROOT;
		};
		DB785BEC141B0900005477A8 /* Supporting Files */ = {
			isa = PBXGroup;
			children = (
				DB785BED141B0900005477A8 /* CatKitUITests-Info.plist */,
				DB785BEE141B0900005477A8 /* InfoPlist.strings */,
			);
			name = "Supporting Files";
			sourceTree = "<group>";
		};
		DB785C05141B13BA005477A8 /* UIView */ = {
			isa = PBXGroup;
			children = (
				DB785C06141B13EE005477A8 /* UIViewPositionTests.h */,
				DB785C07141B13EE005477A8 /* UIViewPositionTests.m */,
				DB73EB15141B4960000D904E /* UIViewInsertTests.h */,
				DB73EB16141B4960000D904E /* UIViewInsertTests.m */,
			);
			name = UIView;
			sourceTree = "<group>";
		};
		DB83D0FD144F9AF100D94890 /* Foundation */ = {
			isa = PBXGroup;
			children = (
				DBD4FFA517AC6A1A009B00AC /* NSArray+CatKit.h */,
				DBD4FFA617AC6A1A009B00AC /* NSArray+CatKit.m */,
				DB0DE47A15B8AE57007F382F /* NSData+Base64.h */,
				DB0DE47B15B8AE57007F382F /* NSData+Base64.m */,
				DBAAA63815116125004C1532 /* NSFileManager+CatKit.h */,
				DBAAA63915116125004C1532 /* NSFileManager+CatKit.m */,
				DB0DE47215B8A99E007F382F /* NSManagedObject+CatKit.h */,
				DB0DE47315B8A99E007F382F /* NSManagedObject+CatKit.m */,
				DB83D0FF144F9B2400D94890 /* NSString+CatKit.h */,
				DB83D100144F9B2400D94890 /* NSString+CatKit.m */,
			);
			name = Foundation;
			sourceTree = "<group>";
		};
		DBB6B4E914BE4AE40043F5D1 /* UILabel */ = {
			isa = PBXGroup;
			children = (
				DBB6B4EB14BE4B0F0043F5D1 /* UILabel+Size.h */,
				DBB6B4EC14BE4B0F0043F5D1 /* UILabel+Size.m */,
				DB82F3D11641E2B500FDA5BE /* UILabel+Align.h */,
				DB82F3D21641E2B500FDA5BE /* UILabel+Align.m */,
			);
			name = UILabel;
			sourceTree = "<group>";
		};
		DBB6B4EF14BE4C790043F5D1 /* UILabel */ = {
			isa = PBXGroup;
			children = (
				DBB6B4F014BE4CA30043F5D1 /* UILabelSizeTests.h */,
				DBB6B4F114BE4CA30043F5D1 /* UILabelSizeTests.m */,
			);
			name = UILabel;
			sourceTree = "<group>";
		};
		DBD3B5BB152E36F000CED2E3 /* UIImage */ = {
			isa = PBXGroup;
			children = (
				DBD3B5BD152E371100CED2E3 /* UIImage+Crop.h */,
				DBD3B5BE152E371100CED2E3 /* UIImage+Crop.m */,
				DB59985F159FBDD200AB65C9 /* UIImage+Resize.h */,
				DB599860159FBDD200AB65C9 /* UIImage+Resize.m */,
				DB599864159FBE8A00AB65C9 /* UIImage+RoundedCorner.h */,
				DB599865159FBE8A00AB65C9 /* UIImage+RoundedCorner.m */,
				DB599868159FBEB800AB65C9 /* UIImage+Alpha.h */,
				DB599869159FBEB800AB65C9 /* UIImage+Alpha.m */,
				DBB112D6159FD3D4002218F9 /* UIImage+Orientation.h */,
				DBB112D7159FD3D4002218F9 /* UIImage+Orientation.m */,
			);
			name = UIImage;
			sourceTree = "<group>";
		};
/* End PBXGroup section */

/* Begin PBXHeadersBuildPhase section */
		DB785B95141AFF8A005477A8 /* Headers */ = {
			isa = PBXHeadersBuildPhase;
			buildActionMask = 2147483647;
			files = (
				DB83D101144F9B2400D94890 /* NSString+CatKit.h in Headers */,
				DB5F9E2A147595DC00F0DCD3 /* CKCommonMacros.h in Headers */,
				DBAAA63A15116125004C1532 /* NSFileManager+CatKit.h in Headers */,
				DBD4FFA717AC6A1A009B00AC /* NSArray+CatKit.h in Headers */,
			);
			runOnlyForDeploymentPostprocessing = 0;
		};
		DB785BD4141B0900005477A8 /* Headers */ = {
			isa = PBXHeadersBuildPhase;
			buildActionMask = 2147483647;
			files = (
				DB785BFC141B0ADD005477A8 /* UIView+Position.h in Headers */,
				DB785C03141B0E95005477A8 /* UIView+Insert.h in Headers */,
				DB72CFF71459FD2900231360 /* CatKitUI.h in Headers */,
				DB2C3F701463398A0055493F /* UITouch+OpenGL.h in Headers */,
				DBB6B4ED14BE4B0F0043F5D1 /* UILabel+Size.h in Headers */,
				DBD3B5BF152E371100CED2E3 /* UIImage+Crop.h in Headers */,
				DB599861159FBDD300AB65C9 /* UIImage+Resize.h in Headers */,
				DB599866159FBE8A00AB65C9 /* UIImage+RoundedCorner.h in Headers */,
				DB59986A159FBEB800AB65C9 /* UIImage+Alpha.h in Headers */,
				DBB112D8159FD3D5002218F9 /* UIImage+Orientation.h in Headers */,
				DB41D9FB15E442C2001F3DD8 /* UIView+Nib.h in Headers */,
				DB82F3D31641E2B500FDA5BE /* UILabel+Align.h in Headers */,
			);
			runOnlyForDeploymentPostprocessing = 0;
		};
/* End PBXHeadersBuildPhase section */

/* Begin PBXNativeTarget section */
		DB785B96141AFF8A005477A8 /* CatKit */ = {
			isa = PBXNativeTarget;
			buildConfigurationList = DB785BBE141AFF8A005477A8 /* Build configuration list for PBXNativeTarget "CatKit" */;
			buildPhases = (
				DB785B93141AFF8A005477A8 /* Sources */,
				DB785B94141AFF8A005477A8 /* Frameworks */,
				DB785B95141AFF8A005477A8 /* Headers */,
			);
			buildRules = (
			);
			dependencies = (
			);
			name = CatKit;
			productName = CatKit;
			productReference = DB785B97141AFF8A005477A8 /* libCatKit.a */;
			productType = "com.apple.product-type.library.static";
		};
		DB785BA6141AFF8A005477A8 /* CatKitTests */ = {
			isa = PBXNativeTarget;
			buildConfigurationList = DB785BC1141AFF8A005477A8 /* Build configuration list for PBXNativeTarget "CatKitTests" */;
			buildPhases = (
				DB785BA2141AFF8A005477A8 /* Sources */,
				DB785BA3141AFF8A005477A8 /* Frameworks */,
				DB785BA4141AFF8A005477A8 /* Resources */,
				DB785BA5141AFF8A005477A8 /* ShellScript */,
			);
			buildRules = (
			);
			dependencies = (
				DB785BB0141AFF8A005477A8 /* PBXTargetDependency */,
			);
			name = CatKitTests;
			productName = CatKitTests;
			productReference = DB785BA7141AFF8A005477A8 /* CatKitTests.octest */;
			productType = "com.apple.product-type.bundle";
		};
		DB785BD5141B0900005477A8 /* CatKitUI */ = {
			isa = PBXNativeTarget;
			buildConfigurationList = DB785BF5141B0900005477A8 /* Build configuration list for PBXNativeTarget "CatKitUI" */;
			buildPhases = (
				DB785BD2141B0900005477A8 /* Sources */,
				DB785BD3141B0900005477A8 /* Frameworks */,
				DB785BD4141B0900005477A8 /* Headers */,
			);
			buildRules = (
			);
			dependencies = (
			);
			name = CatKitUI;
			productName = CatKitUI;
			productReference = DB785BD6141B0900005477A8 /* libCatKitUI.a */;
			productType = "com.apple.product-type.library.static";
		};
		DB785BE2141B0900005477A8 /* CatKitUITests */ = {
			isa = PBXNativeTarget;
			buildConfigurationList = DB785BF8141B0900005477A8 /* Build configuration list for PBXNativeTarget "CatKitUITests" */;
			buildPhases = (
				DB785BDE141B0900005477A8 /* Sources */,
				DB785BDF141B0900005477A8 /* Frameworks */,
				DB785BE0141B0900005477A8 /* Resources */,
				DB785BE1141B0900005477A8 /* ShellScript */,
			);
			buildRules = (
			);
			dependencies = (
				DB785BE9141B0900005477A8 /* PBXTargetDependency */,
			);
			name = CatKitUITests;
			productName = CatKitUITests;
			productReference = DB785BE3141B0900005477A8 /* CatKitUITests.octest */;
			productType = "com.apple.product-type.bundle";
		};
/* End PBXNativeTarget section */

/* Begin PBXProject section */
		DB785B8E141AFF89005477A8 /* Project object */ = {
			isa = PBXProject;
			attributes = {
				LastUpgradeCheck = 0440;
				ORGANIZATIONNAME = "Andrew B. Smith";
			};
			buildConfigurationList = DB785B91141AFF89005477A8 /* Build configuration list for PBXProject "CatKit" */;
			compatibilityVersion = "Xcode 3.2";
			developmentRegion = English;
			hasScannedForEncodings = 0;
			knownRegions = (
				en,
			);
			mainGroup = DB785B8C141AFF89005477A8;
			productRefGroup = DB785B98141AFF8A005477A8 /* Products */;
			projectDirPath = "";
			projectRoot = "";
			targets = (
				DB785B96141AFF8A005477A8 /* CatKit */,
				DB785BA6141AFF8A005477A8 /* CatKitTests */,
				DB785BD5141B0900005477A8 /* CatKitUI */,
				DB785BE2141B0900005477A8 /* CatKitUITests */,
			);
		};
/* End PBXProject section */

/* Begin PBXResourcesBuildPhase section */
		DB785BA4141AFF8A005477A8 /* Resources */ = {
			isa = PBXResourcesBuildPhase;
			buildActionMask = 2147483647;
			files = (
				DB785BB7141AFF8A005477A8 /* InfoPlist.strings in Resources */,
				DB785BB9141AFF8A005477A8 /* CatKitTests.h in Resources */,
			);
			runOnlyForDeploymentPostprocessing = 0;
		};
		DB785BE0141B0900005477A8 /* Resources */ = {
			isa = PBXResourcesBuildPhase;
			buildActionMask = 2147483647;
			files = (
				DB785BF0141B0900005477A8 /* InfoPlist.strings in Resources */,
			);
			runOnlyForDeploymentPostprocessing = 0;
		};
/* End PBXResourcesBuildPhase section */

/* Begin PBXShellScriptBuildPhase section */
		DB785BA5141AFF8A005477A8 /* ShellScript */ = {
			isa = PBXShellScriptBuildPhase;
			buildActionMask = 2147483647;
			files = (
			);
			inputPaths = (
			);
			outputPaths = (
			);
			runOnlyForDeploymentPostprocessing = 0;
			shellPath = /bin/sh;
			shellScript = "# Run the unit tests in this test bundle.\n\"${SYSTEM_DEVELOPER_DIR}/Tools/RunUnitTests\"\n";
		};
		DB785BE1141B0900005477A8 /* ShellScript */ = {
			isa = PBXShellScriptBuildPhase;
			buildActionMask = 2147483647;
			files = (
			);
			inputPaths = (
			);
			outputPaths = (
			);
			runOnlyForDeploymentPostprocessing = 0;
			shellPath = /bin/sh;
			shellScript = "# Run the unit tests in this test bundle.\n\"${SYSTEM_DEVELOPER_DIR}/Tools/RunUnitTests\"\n";
		};
/* End PBXShellScriptBuildPhase section */

/* Begin PBXSourcesBuildPhase section */
		DB785B93141AFF8A005477A8 /* Sources */ = {
			isa = PBXSourcesBuildPhase;
			buildActionMask = 2147483647;
			files = (
				DB83D102144F9B2400D94890 /* NSString+CatKit.m in Sources */,
				DBAAA63B15116125004C1532 /* NSFileManager+CatKit.m in Sources */,
				DBD4FFA817AC6A1A009B00AC /* NSArray+CatKit.m in Sources */,
			);
			runOnlyForDeploymentPostprocessing = 0;
		};
		DB785BA2141AFF8A005477A8 /* Sources */ = {
			isa = PBXSourcesBuildPhase;
			buildActionMask = 2147483647;
			files = (
				DB785BBB141AFF8A005477A8 /* CatKitTests.m in Sources */,
			);
			runOnlyForDeploymentPostprocessing = 0;
		};
		DB785BD2141B0900005477A8 /* Sources */ = {
			isa = PBXSourcesBuildPhase;
			buildActionMask = 2147483647;
			files = (
				DB785BFD141B0AE2005477A8 /* UIView+Position.m in Sources */,
				DB785C04141B0E95005477A8 /* UIView+Insert.m in Sources */,
				DB2C3F711463398A0055493F /* UITouch+OpenGL.m in Sources */,
				DBB6B4EE14BE4B0F0043F5D1 /* UILabel+Size.m in Sources */,
				DBD3B5C0152E371100CED2E3 /* UIImage+Crop.m in Sources */,
				DB599862159FBDD300AB65C9 /* UIImage+Resize.m in Sources */,
				DB599867159FBE8A00AB65C9 /* UIImage+RoundedCorner.m in Sources */,
				DB59986B159FBEB800AB65C9 /* UIImage+Alpha.m in Sources */,
				DBB112D9159FD3D5002218F9 /* UIImage+Orientation.m in Sources */,
				DB41D9FC15E442C2001F3DD8 /* UIView+Nib.m in Sources */,
				DB82F3D41641E2B500FDA5BE /* UILabel+Align.m in Sources */,
			);
			runOnlyForDeploymentPostprocessing = 0;
		};
		DB785BDE141B0900005477A8 /* Sources */ = {
			isa = PBXSourcesBuildPhase;
			buildActionMask = 2147483647;
			files = (
				DB785C08141B13EE005477A8 /* UIViewPositionTests.m in Sources */,
				DB73EB17141B4960000D904E /* UIViewInsertTests.m in Sources */,
				DBB6B4F214BE4CA30043F5D1 /* UILabelSizeTests.m in Sources */,
			);
			runOnlyForDeploymentPostprocessing = 0;
		};
/* End PBXSourcesBuildPhase section */

/* Begin PBXTargetDependency section */
		DB785BB0141AFF8A005477A8 /* PBXTargetDependency */ = {
			isa = PBXTargetDependency;
			target = DB785B96141AFF8A005477A8 /* CatKit */;
			targetProxy = DB785BAF141AFF8A005477A8 /* PBXContainerItemProxy */;
		};
		DB785BE9141B0900005477A8 /* PBXTargetDependency */ = {
			isa = PBXTargetDependency;
			target = DB785BD5141B0900005477A8 /* CatKitUI */;
			targetProxy = DB785BE8141B0900005477A8 /* PBXContainerItemProxy */;
		};
/* End PBXTargetDependency section */

/* Begin PBXVariantGroup section */
		DB785BB5141AFF8A005477A8 /* InfoPlist.strings */ = {
			isa = PBXVariantGroup;
			children = (
				DB785BB6141AFF8A005477A8 /* en */,
			);
			name = InfoPlist.strings;
			sourceTree = "<group>";
		};
		DB785BEE141B0900005477A8 /* InfoPlist.strings */ = {
			isa = PBXVariantGroup;
			children = (
				DB785BEF141B0900005477A8 /* en */,
			);
			name = InfoPlist.strings;
			sourceTree = "<group>";
		};
/* End PBXVariantGroup section */

/* Begin XCBuildConfiguration section */
		DB785BBC141AFF8A005477A8 /* Debug */ = {
			isa = XCBuildConfiguration;
			buildSettings = {
				ALWAYS_SEARCH_USER_PATHS = NO;
				ARCHS = "$(ARCHS_STANDARD_32_BIT)";
				COPY_PHASE_STRIP = NO;
				GCC_C_LANGUAGE_STANDARD = gnu99;
				GCC_DYNAMIC_NO_PIC = NO;
				GCC_OPTIMIZATION_LEVEL = 0;
				GCC_PREPROCESSOR_DEFINITIONS = (
					"DEBUG=1",
					"$(inherited)",
				);
				GCC_SYMBOLS_PRIVATE_EXTERN = NO;
				GCC_VERSION = com.apple.compilers.llvmgcc42;
				GCC_WARN_ABOUT_MISSING_PROTOTYPES = YES;
				GCC_WARN_ABOUT_RETURN_TYPE = YES;
				GCC_WARN_UNUSED_VARIABLE = YES;
				IPHONEOS_DEPLOYMENT_TARGET = 4.3;
				SDKROOT = iphoneos;
			};
			name = Debug;
		};
		DB785BBD141AFF8A005477A8 /* Release */ = {
			isa = XCBuildConfiguration;
			buildSettings = {
				ALWAYS_SEARCH_USER_PATHS = NO;
				ARCHS = "$(ARCHS_STANDARD_32_BIT)";
				COPY_PHASE_STRIP = YES;
				GCC_C_LANGUAGE_STANDARD = gnu99;
				GCC_VERSION = com.apple.compilers.llvmgcc42;
				GCC_WARN_ABOUT_MISSING_PROTOTYPES = YES;
				GCC_WARN_ABOUT_RETURN_TYPE = YES;
				GCC_WARN_UNUSED_VARIABLE = YES;
				IPHONEOS_DEPLOYMENT_TARGET = 4.3;
				SDKROOT = iphoneos;
				VALIDATE_PRODUCT = YES;
			};
			name = Release;
		};
		DB785BBF141AFF8A005477A8 /* Debug */ = {
			isa = XCBuildConfiguration;
			buildSettings = {
				ALWAYS_SEARCH_USER_PATHS = NO;
				CLANG_ENABLE_OBJC_ARC = YES;
				DSTROOT = /tmp/CatKit.dst;
				GCC_PRECOMPILE_PREFIX_HEADER = YES;
				GCC_PREFIX_HEADER = "CatKit/CatKit-Prefix.pch";
				GCC_VERSION = com.apple.compilers.llvm.clang.1_0;
				OTHER_LDFLAGS = "-ObjC";
				PRIVATE_HEADERS_FOLDER_PATH = include/CatKit/Private;
				PRODUCT_NAME = "$(TARGET_NAME)";
				PUBLIC_HEADERS_FOLDER_PATH = include/CatKit;
				SKIP_INSTALL = YES;
			};
			name = Debug;
		};
		DB785BC0141AFF8A005477A8 /* Release */ = {
			isa = XCBuildConfiguration;
			buildSettings = {
				ALWAYS_SEARCH_USER_PATHS = NO;
				CLANG_ENABLE_OBJC_ARC = YES;
				DSTROOT = /tmp/CatKit.dst;
				GCC_PRECOMPILE_PREFIX_HEADER = YES;
				GCC_PREFIX_HEADER = "CatKit/CatKit-Prefix.pch";
				GCC_VERSION = com.apple.compilers.llvm.clang.1_0;
				OTHER_LDFLAGS = "-ObjC";
				PRIVATE_HEADERS_FOLDER_PATH = include/CatKit/Private;
				PRODUCT_NAME = "$(TARGET_NAME)";
				PUBLIC_HEADERS_FOLDER_PATH = include/CatKit;
				SKIP_INSTALL = YES;
			};
			name = Release;
		};
		DB785BC2141AFF8A005477A8 /* Debug */ = {
			isa = XCBuildConfiguration;
			buildSettings = {
				ALWAYS_SEARCH_USER_PATHS = YES;
				FRAMEWORK_SEARCH_PATHS = (
					"$(SDKROOT)/Developer/Library/Frameworks",
					"$(DEVELOPER_LIBRARY_DIR)/Frameworks",
				);
				GCC_PRECOMPILE_PREFIX_HEADER = YES;
				GCC_PREFIX_HEADER = "CatKit/CatKit-Prefix.pch";
				GCC_VERSION = com.apple.compilers.llvm.clang.1_0;
				HEADER_SEARCH_PATHS = "$(BUILT_PRODUCTS_DIR)/include/CatKit";
				INFOPLIST_FILE = "CatKitTests/CatKitTests-Info.plist";
				OTHER_LDFLAGS = "-ObjC";
				PRODUCT_NAME = "$(TARGET_NAME)";
				WRAPPER_EXTENSION = octest;
			};
			name = Debug;
		};
		DB785BC3141AFF8A005477A8 /* Release */ = {
			isa = XCBuildConfiguration;
			buildSettings = {
				ALWAYS_SEARCH_USER_PATHS = YES;
				FRAMEWORK_SEARCH_PATHS = (
					"$(SDKROOT)/Developer/Library/Frameworks",
					"$(DEVELOPER_LIBRARY_DIR)/Frameworks",
				);
				GCC_PRECOMPILE_PREFIX_HEADER = YES;
				GCC_PREFIX_HEADER = "CatKit/CatKit-Prefix.pch";
				GCC_VERSION = com.apple.compilers.llvm.clang.1_0;
				HEADER_SEARCH_PATHS = "$(BUILT_PRODUCTS_DIR)/include/CatKit";
				INFOPLIST_FILE = "CatKitTests/CatKitTests-Info.plist";
				OTHER_LDFLAGS = "-ObjC";
				PRODUCT_NAME = "$(TARGET_NAME)";
				WRAPPER_EXTENSION = octest;
			};
			name = Release;
		};
		DB785BF6141B0900005477A8 /* Debug */ = {
			isa = XCBuildConfiguration;
			buildSettings = {
				ALWAYS_SEARCH_USER_PATHS = NO;
				CLANG_ENABLE_OBJC_ARC = YES;
				DSTROOT = /tmp/CatKitUI.dst;
				FRAMEWORK_SEARCH_PATHS = "";
				GCC_PRECOMPILE_PREFIX_HEADER = YES;
				GCC_PREFIX_HEADER = "CatKitUI/CatKitUI-Prefix.pch";
				GCC_VERSION = com.apple.compilers.llvm.clang.1_0;
				OTHER_LDFLAGS = "";
				PRIVATE_HEADERS_FOLDER_PATH = include/CatKitUI/Private;
				PRODUCT_NAME = "$(TARGET_NAME)";
				PUBLIC_HEADERS_FOLDER_PATH = include/CatKitUI;
				SKIP_INSTALL = YES;
				USER_HEADER_SEARCH_PATHS = "";
			};
			name = Debug;
		};
		DB785BF7141B0900005477A8 /* Release */ = {
			isa = XCBuildConfiguration;
			buildSettings = {
				ALWAYS_SEARCH_USER_PATHS = NO;
				CLANG_ENABLE_OBJC_ARC = YES;
				DSTROOT = /tmp/CatKitUI.dst;
				FRAMEWORK_SEARCH_PATHS = "";
				GCC_PRECOMPILE_PREFIX_HEADER = YES;
				GCC_PREFIX_HEADER = "CatKitUI/CatKitUI-Prefix.pch";
				GCC_VERSION = com.apple.compilers.llvm.clang.1_0;
				OTHER_LDFLAGS = "";
				PRIVATE_HEADERS_FOLDER_PATH = include/CatKitUI/Private;
				PRODUCT_NAME = "$(TARGET_NAME)";
				PUBLIC_HEADERS_FOLDER_PATH = include/CatKitUI;
				SKIP_INSTALL = YES;
				USER_HEADER_SEARCH_PATHS = "";
			};
			name = Release;
		};
		DB785BF9141B0900005477A8 /* Debug */ = {
			isa = XCBuildConfiguration;
			buildSettings = {
				ALWAYS_SEARCH_USER_PATHS = YES;
				CLANG_ENABLE_OBJC_ARC = YES;
				FRAMEWORK_SEARCH_PATHS = (
					"$(SDKROOT)/Developer/Library/Frameworks",
					"$(DEVELOPER_LIBRARY_DIR)/Frameworks",
				);
				GCC_PRECOMPILE_PREFIX_HEADER = YES;
				GCC_PREFIX_HEADER = "CatKitUI/CatKitUI-Prefix.pch";
				GCC_VERSION = com.apple.compilers.llvm.clang.1_0;
				INFOPLIST_FILE = "CatKitUITests/CatKitUITests-Info.plist";
				OTHER_LDFLAGS = "-ObjC";
				PRODUCT_NAME = "$(TARGET_NAME)";
				USER_HEADER_SEARCH_PATHS = "";
				WRAPPER_EXTENSION = octest;
			};
			name = Debug;
		};
		DB785BFA141B0900005477A8 /* Release */ = {
			isa = XCBuildConfiguration;
			buildSettings = {
				ALWAYS_SEARCH_USER_PATHS = YES;
				CLANG_ENABLE_OBJC_ARC = YES;
				FRAMEWORK_SEARCH_PATHS = (
					"$(SDKROOT)/Developer/Library/Frameworks",
					"$(DEVELOPER_LIBRARY_DIR)/Frameworks",
				);
				GCC_PRECOMPILE_PREFIX_HEADER = YES;
				GCC_PREFIX_HEADER = "CatKitUI/CatKitUI-Prefix.pch";
				GCC_VERSION = com.apple.compilers.llvm.clang.1_0;
				INFOPLIST_FILE = "CatKitUITests/CatKitUITests-Info.plist";
				OTHER_LDFLAGS = "-ObjC";
				PRODUCT_NAME = "$(TARGET_NAME)";
				USER_HEADER_SEARCH_PATHS = "";
				WRAPPER_EXTENSION = octest;
			};
			name = Release;
		};
/* End XCBuildConfiguration section */

/* Begin XCConfigurationList section */
		DB785B91141AFF89005477A8 /* Build configuration list for PBXProject "CatKit" */ = {
			isa = XCConfigurationList;
			buildConfigurations = (
				DB785BBC141AFF8A005477A8 /* Debug */,
				DB785BBD141AFF8A005477A8 /* Release */,
			);
			defaultConfigurationIsVisible = 0;
			defaultConfigurationName = Release;
		};
		DB785BBE141AFF8A005477A8 /* Build configuration list for PBXNativeTarget "CatKit" */ = {
			isa = XCConfigurationList;
			buildConfigurations = (
				DB785BBF141AFF8A005477A8 /* Debug */,
				DB785BC0141AFF8A005477A8 /* Release */,
			);
			defaultConfigurationIsVisible = 0;
			defaultConfigurationName = Release;
		};
		DB785BC1141AFF8A005477A8 /* Build configuration list for PBXNativeTarget "CatKitTests" */ = {
			isa = XCConfigurationList;
			buildConfigurations = (
				DB785BC2141AFF8A005477A8 /* Debug */,
				DB785BC3141AFF8A005477A8 /* Release */,
			);
			defaultConfigurationIsVisible = 0;
			defaultConfigurationName = Release;
		};
		DB785BF5141B0900005477A8 /* Build configuration list for PBXNativeTarget "CatKitUI" */ = {
			isa = XCConfigurationList;
			buildConfigurations = (
				DB785BF6141B0900005477A8 /* Debug */,
				DB785BF7141B0900005477A8 /* Release */,
			);
			defaultConfigurationIsVisible = 0;
			defaultConfigurationName = Release;
		};
		DB785BF8141B0900005477A8 /* Build configuration list for PBXNativeTarget "CatKitUITests" */ = {
			isa = XCConfigurationList;
			buildConfigurations = (
				DB785BF9141B0900005477A8 /* Debug */,
				DB785BFA141B0900005477A8 /* Release */,
			);
			defaultConfigurationIsVisible = 0;
			defaultConfigurationName = Release;
		};
/* End XCConfigurationList section */
	};
	rootObject = DB785B8E141AFF89005477A8 /* Project object */;
}
